// !$*UTF8*$!
{
	archiveVersion = 1;
	classes = {
	};
	objectVersion = 46;
	objects = {

/* Begin PBXBuildFile section */
		48B440851C5F0C6600499818 /* main.m in Sources */ = {isa = PBXBuildFile; fileRef = 48B440841C5F0C6600499818 /* main.m */; };
		48B440881C5F0C6600499818 /* AppDelegate.m in Sources */ = {isa = PBXBuildFile; fileRef = 48B440871C5F0C6600499818 /* AppDelegate.m */; };
		48B4408B1C5F0C6600499818 /* ViewController.m in Sources */ = {isa = PBXBuildFile; fileRef = 48B4408A1C5F0C6600499818 /* ViewController.m */; };
		48B4408E1C5F0C6600499818 /* Main.storyboard in Resources */ = {isa = PBXBuildFile; fileRef = 48B4408C1C5F0C6600499818 /* Main.storyboard */; };
		48B440911C5F0C6600499818 /* AnimateDemo.xcdatamodeld in Sources */ = {isa = PBXBuildFile; fileRef = 48B4408F1C5F0C6600499818 /* AnimateDemo.xcdatamodeld */; };
		48B440931C5F0C6600499818 /* Assets.xcassets in Resources */ = {isa = PBXBuildFile; fileRef = 48B440921C5F0C6600499818 /* Assets.xcassets */; };
		48B440961C5F0C6600499818 /* LaunchScreen.storyboard in Resources */ = {isa = PBXBuildFile; fileRef = 48B440941C5F0C6600499818 /* LaunchScreen.storyboard */; };
/* End PBXBuildFile section */

/* Begin PBXFileReference section */
		48B440801C5F0C6600499818 /* AnimateDemo.app */ = {isa = PBXFileReference; explicitFileType = wrapper.application; includeInIndex = 0; path = AnimateDemo.app; sourceTree = BUILT_PRODUCTS_DIR; };
		48B440841C5F0C6600499818 /* main.m */ = {isa = PBXFileReference; lastKnownFileType = sourcecode.c.objc; path = main.m; sourceTree = "<group>"; };
		48B440861C5F0C6600499818 /* AppDelegate.h */ = {isa = PBXFileReference; lastKnownFileType = sourcecode.c.h; path = AppDelegate.h; sourceTree = "<group>"; };
		48B440871C5F0C6600499818 /* AppDelegate.m */ = {isa = PBXFileReference; lastKnownFileType = sourcecode.c.objc; path = AppDelegate.m; sourceTree = "<group>"; };
		48B440891C5F0C6600499818 /* ViewController.h */ = {isa = PBXFileReference; lastKnownFileType = sourcecode.c.h; path = ViewController.h; sourceTree = "<group>"; };
		48B4408A1C5F0C6600499818 /* ViewController.m */ = {isa = PBXFileReference; lastKnownFileType = sourcecode.c.objc; path = ViewController.m; sourceTree = "<group>"; };
		48B4408D1C5F0C6600499818 /* Base */ = {isa = PBXFileReference; lastKnownFileType = file.storyboard; name = Base; path = Base.lproj/Main.storyboard; sourceTree = "<group>"; };
		48B440901C5F0C6600499818 /* AnimateDemo.xcdatamodel */ = {isa = PBXFileReference; lastKnownFileType = wrapper.xcdatamodel; path = AnimateDemo.xcdatamodel; sourceTree = "<group>"; };
		48B440921C5F0C6600499818 /* Assets.xcassets */ = {isa = PBXFileReference; lastKnownFileType = folder.assetcatalog; path = Assets.xcassets; sourceTree = "<group>"; };
		48B440951C5F0C6600499818 /* Base */ = {isa = PBXFileReference; lastKnownFileType = file.storyboard; name = Base; path = Base.lproj/LaunchScreen.storyboard; sourceTree = "<group>"; };
		48B440971C5F0C6600499818 /* Info.plist */ = {isa = PBXFileReference; lastKnownFileType = text.plist.xml; path = Info.plist; sourceTree = "<group>"; };
/* End PBXFileReference section */

/* Begin PBXFrameworksBuildPhase section */
		48B4407D1C5F0C6600499818 /* Frameworks */ = {
			isa = PBXFrameworksBuildPhase;
			buildActionMask = 2147483647;
			files = (
			);
			runOnlyForDeploymentPostprocessing = 0;
		};
/* End PBXFrameworksBuildPhase section */

/* Begin PBXGroup section */
		48B440771C5F0C6600499818 = {
			isa = PBXGroup;
			children = (
				48B440821C5F0C6600499818 /* AnimateDemo */,
				48B440811C5F0C6600499818 /* Products */,
			);
			sourceTree = "<group>";
		};
		48B440811C5F0C6600499818 /* Products */ = {
			isa = PBXGroup;
			children = (
				48B440801C5F0C6600499818 /* AnimateDemo.app */,
			);
			name = Products;
			sourceTree = "<group>";
		};
		48B440821C5F0C6600499818 /* AnimateDemo */ = {
			isa = PBXGroup;
			children = (
				48B440861C5F0C6600499818 /* AppDelegate.h */,
				48B440871C5F0C6600499818 /* AppDelegate.m */,
				48B440891C5F0C6600499818 /* ViewController.h */,
				48B4408A1C5F0C6600499818 /* ViewController.m */,
				48B4408C1C5F0C6600499818 /* Main.storyboard */,
				48B440921C5F0C6600499818 /* Assets.xcassets */,
				48B440941C5F0C6600499818 /* LaunchScreen.storyboard */,
				48B440971C5F0C6600499818 /* Info.plist */,
				48B4408F1C5F0C6600499818 /* AnimateDemo.xcdatamodeld */,
				48B440831C5F0C6600499818 /* Supporting Files */,
			);
			path = AnimateDemo;
			sourceTree = "<group>";
		};
		48B440831C5F0C6600499818 /* Supporting Files */ = {
			isa = PBXGroup;
			children = (
				48B440841C5F0C6600499818 /* main.m */,
			);
			name = "Supporting Files";
			sourceTree = "<group>";
		};
/* End PBXGroup section */

/* Begin PBXNativeTarget section */
		48B4407F1C5F0C6600499818 /* AnimateDemo */ = {
			isa = PBXNativeTarget;
			buildConfigurationList = 48B4409A1C5F0C6600499818 /* Build configuration list for PBXNativeTarget "AnimateDemo" */;
			buildPhases = (
				48B4407C1C5F0C6600499818 /* Sources */,
				48B4407D1C5F0C6600499818 /* Frameworks */,
				48B4407E1C5F0C6600499818 /* Resources */,
			);
			buildRules = (
			);
			dependencies = (
			);
			name = AnimateDemo;
			productName = AnimateDemo;
			productReference = 48B440801C5F0C6600499818 /* AnimateDemo.app */;
			productType = "com.apple.product-type.application";
		};
/* End PBXNativeTarget section */

/* Begin PBXProject section */
		48B440781C5F0C6600499818 /* Project object */ = {
			isa = PBXProject;
			attributes = {
				LastUpgradeCheck = 0720;
				ORGANIZATIONNAME = "位杰周";
				TargetAttributes = {
					48B4407F1C5F0C6600499818 = {
						CreatedOnToolsVersion = 7.2;
						DevelopmentTeam = KVX8FV3VE3;
					};
				};
			};
			buildConfigurationList = 48B4407B1C5F0C6600499818 /* Build configuration list for PBXProject "AnimateDemo" */;
			compatibilityVersion = "Xcode 3.2";
			developmentRegion = English;
			hasScannedForEncodings = 0;
			knownRegions = (
				en,
				Base,
			);
			mainGroup = 48B440771C5F0C6600499818;
			productRefGroup = 48B440811C5F0C6600499818 /* Products */;
			projectDirPath = "";
			projectRoot = "";
			targets = (
				48B4407F1C5F0C6600499818 /* AnimateDemo */,
			);
		};
/* End PBXProject section */

/* Begin PBXResourcesBuildPhase section */
		48B4407E1C5F0C6600499818 /* Resources */ = {
			isa = PBXResourcesBuildPhase;
			buildActionMask = 2147483647;
			files = (
				48B440961C5F0C6600499818 /* LaunchScreen.storyboard in Resources */,
				48B440931C5F0C6600499818 /* Assets.xcassets in Resources */,
				48B4408E1C5F0C6600499818 /* Main.storyboard in Resources */,
			);
			runOnlyForDeploymentPostprocessing = 0;
		};
/* End PBXResourcesBuildPhase section */

/* Begin PBXSourcesBuildPhase section */
		48B4407C1C5F0C6600499818 /* Sources */ = {
			isa = PBXSourcesBuildPhase;
			buildActionMask = 2147483647;
			files = (
				48B440911C5F0C6600499818 /* AnimateDemo.xcdatamodeld in Sources */,
				48B4408B1C5F0C6600499818 /* ViewController.m in Sources */,
				48B440881C5F0C6600499818 /* AppDelegate.m in Sources */,
				48B440851C5F0C6600499818 /* main.m in Sources */,
			);
			runOnlyForDeploymentPostprocessing = 0;
		};
/* End PBXSourcesBuildPhase section */

/* Begin PBXVariantGroup section */
		48B4408C1C5F0C6600499818 /* Main.storyboard */ = {
			isa = PBXVariantGroup;
			children = (
				48B4408D1C5F0C6600499818 /* Base */,
			);
			name = Main.storyboard;
			sourceTree = "<group>";
		};
		48B440941C5F0C6600499818 /* LaunchScreen.storyboard */ = {
			isa = PBXVariantGroup;
			children = (
				48B440951C5F0C6600499818 /* Base */,
			);
			name = LaunchScreen.storyboard;
			sourceTree = "<group>";
		};
/* End PBXVariantGroup section */

/* Begin XCBuildConfiguration section */
		48B440981C5F0C6600499818 /* Debug */ = {
			isa = XCBuildConfiguration;
			buildSettings = {
				ALWAYS_SEARCH_USER_PATHS = NO;
				CLANG_CXX_LANGUAGE_STANDARD = "gnu++0x";
				CLANG_CXX_LIBRARY = "libc++";
				CLANG_ENABLE_MODULES = YES;
				CLANG_ENABLE_OBJC_ARC = YES;
				CLANG_WARN_BOOL_CONVERSION = YES;
				CLANG_WARN_CONSTANT_CONVERSION = YES;
				CLANG_WARN_DIRECT_OBJC_ISA_USAGE = YES_ERROR;
				CLANG_WARN_EMPTY_BODY = YES;
				CLANG_WARN_ENUM_CONVERSION = YES;
				CLANG_WARN_INT_CONVERSION = YES;
				CLANG_WARN_OBJC_ROOT_CLASS = YES_ERROR;
				CLANG_WARN_UNREACHABLE_CODE = YES;
				CLANG_WARN__DUPLICATE_METHOD_MATCH = YES;
				"CODE_SIGN_IDENTITY[sdk=iphoneos*]" = "iPhone Developer";
				COPY_PHASE_STRIP = NO;
				DEBUG_INFORMATION_FORMAT = dwarf;
				ENABLE_STRICT_OBJC_MSGSEND = YES;
				ENABLE_TESTABILITY = YES;
				GCC_C_LANGUAGE_STANDARD = gnu99;
				GCC_DYNAMIC_NO_PIC = NO;
				GCC_NO_COMMON_BLOCKS = YES;
				GCC_OPTIMIZATION_LEVEL = 0;
				GCC_PREPROCESSOR_DEFINITIONS = (
					"DEBUG=1",
					"$(inherited)",
				);
				GCC_WARN_64_TO_32_BIT_CONVERSION = YES;
				GCC_WARN_ABOUT_RETURN_TYPE = YES_ERROR;
				GCC_WARN_UNDECLARED_SELECTOR = YES;
				GCC_WARN_UNINITIALIZED_AUTOS = YES_AGGRESSIVE;
				GCC_WARN_UNUSED_FUNCTION = YES;
				GCC_WARN_UNUSED_VARIABLE = YES;
				IPHONEOS_DEPLOYMENT_TARGET = 9.2;
				MTL_ENABLE_DEBUG_INFO = YES;
				ONLY_ACTIVE_ARCH = YES;
				SDKROOT = iphoneos;
			};
			name = Debug;
		};
		48B440991C5F0C6600499818 /* Release */ = {
			isa = XCBuildConfiguration;
			buildSettings = {
				ALWAYS_SEARCH_USER_PATHS = NO;
				CLANG_CXX_LANGUAGE_STANDARD = "gnu++0x";
				CLANG_CXX_LIBRARY = "libc++";
				CLANG_ENABLE_MODULES = YES;
				CLANG_ENABLE_OBJC_ARC = YES;
				CLANG_WARN_BOOL_CONVERSION = YES;
				CLANG_WARN_CONSTANT_CONVERSION = YES;
				CLANG_WARN_DIRECT_OBJC_ISA_USAGE = YES_ERROR;
				CLANG_WARN_EMPTY_BODY = YES;
				CLANG_WARN_ENUM_CONVERSION = YES;
				CLANG_WARN_INT_CONVERSION = YES;
				CLANG_WARN_OBJC_ROOT_CLASS = YES_ERROR;
				CLANG_WARN_UNREACHABLE_CODE = YES;
				CLANG_WARN__DUPLICATE_METHOD_MATCH = YES;
				"CODE_SIGN_IDENTITY[sdk=iphoneos*]" = "iPhone Developer";
				COPY_PHASE_STRIP = NO;
				DEBUG_INFORMATION_FORMAT = "dwarf-with-dsym";
				ENABLE_NS_ASSERTIONS = NO;
				ENABLE_STRICT_OBJC_MSGSEND = YES;
				GCC_C_LANGUAGE_STANDARD = gnu99;
				GCC_NO_COMMON_BLOCKS = YES;
				GCC_WARN_64_TO_32_BIT_CONVERSION = YES;
				GCC_WARN_ABOUT_RETURN_TYPE = YES_ERROR;
				GCC_WARN_UNDECLARED_SELECTOR = YES;
				GCC_WARN_UNINITIALIZED_AUTOS = YES_AGGRESSIVE;
				GCC_WARN_UNUSED_FUNCTION = YES;
				GCC_WARN_UNUSED_VARIABLE = YES;
				IPHONEOS_DEPLOYMENT_TARGET = 9.2;
				MTL_ENABLE_DEBUG_INFO = NO;
				SDKROOT = iphoneos;
				VALIDATE_PRODUCT = YES;
			};
			name = Release;
		};
		48B4409B1C5F0C6600499818 /* Debug */ = {
			isa = XCBuildConfiguration;
			buildSettings = {
				ASSETCATALOG_COMPILER_APPICON_NAME = AppIcon;
				CODE_SIGN_IDENTITY = "iPhone Developer";
				"CODE_SIGN_IDENTITY[sdk=iphoneos*]" = "iPhone Developer";
				INFOPLIST_FILE = AnimateDemo/Info.plist;
				LD_RUNPATH_SEARCH_PATHS = "$(inherited) @executable_path/Frameworks";
				PRODUCT_BUNDLE_IDENTIFIER = WJ.AnimateDemo;
				PRODUCT_NAME = "$(TARGET_NAME)";
				PROVISIONING_PROFILE = "";
			};
			name = Debug;
		};
		48B4409C1C5F0C6600499818 /* Release */ = {
			isa = XCBuildConfiguration;
			buildSettings = {
				ASSETCATALOG_COMPILER_APPICON_NAME = AppIcon;
				CODE_SIGN_IDENTITY = "iPhone Developer";
				"CODE_SIGN_IDENTITY[sdk=iphoneos*]" = "iPhone Developer";
				INFOPLIST_FILE = AnimateDemo/Info.plist;
				LD_RUNPATH_SEARCH_PATHS = "$(inherited) @executable_path/Frameworks";
				PRODUCT_BUNDLE_IDENTIFIER = WJ.AnimateDemo;
				PRODUCT_NAME = "$(TARGET_NAME)";
				PROVISIONING_PROFILE = "";
			};
			name = Release;
		};
/* End XCBuildConfiguration section */

/* Begin XCConfigurationList section */
		48B4407B1C5F0C6600499818 /* Build configuration list for PBXProject "AnimateDemo" */ = {
			isa = XCConfigurationList;
			buildConfigurations = (
				48B440981C5F0C6600499818 /* Debug */,
				48B440991C5F0C6600499818 /* Release */,
			);
			defaultConfigurationIsVisible = 0;
			defaultConfigurationName = Release;
		};
		48B4409A1C5F0C6600499818 /* Build configuration list for PBXNativeTarget "AnimateDemo" */ = {
			isa = XCConfigurationList;
			buildConfigurations = (
				48B4409B1C5F0C6600499818 /* Debug */,
				48B4409C1C5F0C6600499818 /* Release */,
			);
			defaultConfigurationIsVisible = 0;
			defaultConfigurationName = Release;
		};
/* End XCConfigurationList section */

/* Begin XCVersionGroup section */
		48B4408F1C5F0C6600499818 /* AnimateDemo.xcdatamodeld */ = {
			isa = XCVersionGroup;
			children = (
				48B440901C5F0C6600499818 /* AnimateDemo.xcdatamodel */,
			);
			currentVersion = 48B440901C5F0C6600499818 /* AnimateDemo.xcdatamodel */;
			path = AnimateDemo.xcdatamodeld;
			sourceTree = "<group>";
			versionGroupType = wrapper.xcdatamodel;
		};
/* End XCVersionGroup section */
	};
	rootObject = 48B440781C5F0C6600499818 /* Project object */;
}
