// !$*UTF8*$!
{
	archiveVersion = 1;
	classes = {
	};
	objectVersion = 56;
	objects = {

/* Begin PBXBuildFile section */
		480DB9EC2A5BF51B00E10BFB /* AppDelegate.m in Sources */ = {isa = PBXBuildFile; fileRef = 480DB9EB2A5BF51B00E10BFB /* AppDelegate.m */; };
		480DB9EF2A5BF51B00E10BFB /* SceneDelegate.m in Sources */ = {isa = PBXBuildFile; fileRef = 480DB9EE2A5BF51B00E10BFB /* SceneDelegate.m */; };
		480DB9F22A5BF51B00E10BFB /* ViewController.m in Sources */ = {isa = PBXBuildFile; fileRef = 480DB9F12A5BF51B00E10BFB /* ViewController.m */; };
		480DB9F52A5BF51B00E10BFB /* Main.storyboard in Resources */ = {isa = PBXBuildFile; fileRef = 480DB9F32A5BF51B00E10BFB /* Main.storyboard */; };
		480DB9F72A5BF52000E10BFB /* Assets.xcassets in Resources */ = {isa = PBXBuildFile; fileRef = 480DB9F62A5BF52000E10BFB /* Assets.xcassets */; };
		480DB9FA2A5BF52000E10BFB /* LaunchScreen.storyboard in Resources */ = {isa = PBXBuildFile; fileRef = 480DB9F82A5BF52000E10BFB /* LaunchScreen.storyboard */; };
		480DB9FD2A5BF52000E10BFB /* main.m in Sources */ = {isa = PBXBuildFile; fileRef = 480DB9FC2A5BF52000E10BFB /* main.m */; };
/* End PBXBuildFile section */

/* Begin PBXFileReference section */
		480DB9E72A5BF51B00E10BFB /* Question2.app */ = {isa = PBXFileReference; explicitFileType = wrapper.application; includeInIndex = 0; path = Question2.app; sourceTree = BUILT_PRODUCTS_DIR; };
		480DB9EA2A5BF51B00E10BFB /* AppDelegate.h */ = {isa = PBXFileReference; lastKnownFileType = sourcecode.c.h; path = AppDelegate.h; sourceTree = "<group>"; };
		480DB9EB2A5BF51B00E10BFB /* AppDelegate.m */ = {isa = PBXFileReference; lastKnownFileType = sourcecode.c.objc; path = AppDelegate.m; sourceTree = "<group>"; };
		480DB9ED2A5BF51B00E10BFB /* SceneDelegate.h */ = {isa = PBXFileReference; lastKnownFileType = sourcecode.c.h; path = SceneDelegate.h; sourceTree = "<group>"; };
		480DB9EE2A5BF51B00E10BFB /* SceneDelegate.m */ = {isa = PBXFileReference; lastKnownFileType = sourcecode.c.objc; path = SceneDelegate.m; sourceTree = "<group>"; };
		480DB9F02A5BF51B00E10BFB /* ViewController.h */ = {isa = PBXFileReference; lastKnownFileType = sourcecode.c.h; path = ViewController.h; sourceTree = "<group>"; };
		480DB9F12A5BF51B00E10BFB /* ViewController.m */ = {isa = PBXFileReference; lastKnownFileType = sourcecode.c.objc; path = ViewController.m; sourceTree = "<group>"; };
		480DB9F42A5BF51B00E10BFB /* Base */ = {isa = PBXFileReference; lastKnownFileType = file.storyboard; name = Base; path = Base.lproj/Main.storyboard; sourceTree = "<group>"; };
		480DB9F62A5BF52000E10BFB /* Assets.xcassets */ = {isa = PBXFileReference; lastKnownFileType = folder.assetcatalog; path = Assets.xcassets; sourceTree = "<group>"; };
		480DB9F92A5BF52000E10BFB /* Base */ = {isa = PBXFileReference; lastKnownFileType = file.storyboard; name = Base; path = Base.lproj/LaunchScreen.storyboard; sourceTree = "<group>"; };
		480DB9FB2A5BF52000E10BFB /* Info.plist */ = {isa = PBXFileReference; lastKnownFileType = text.plist.xml; path = Info.plist; sourceTree = "<group>"; };
		480DB9FC2A5BF52000E10BFB /* main.m */ = {isa = PBXFileReference; lastKnownFileType = sourcecode.c.objc; path = main.m; sourceTree = "<group>"; };
/* End PBXFileReference section */

/* Begin PBXFrameworksBuildPhase section */
		480DB9E42A5BF51B00E10BFB /* Frameworks */ = {
			isa = PBXFrameworksBuildPhase;
			buildActionMask = 2147483647;
			files = (
			);
			runOnlyForDeploymentPostprocessing = 0;
		};
/* End PBXFrameworksBuildPhase section */

/* Begin PBXGroup section */
		480DB9DE2A5BF51B00E10BFB = {
			isa = PBXGroup;
			children = (
				480DB9E92A5BF51B00E10BFB /* Question2 */,
				480DB9E82A5BF51B00E10BFB /* Products */,
			);
			sourceTree = "<group>";
		};
		480DB9E82A5BF51B00E10BFB /* Products */ = {
			isa = PBXGroup;
			children = (
				480DB9E72A5BF51B00E10BFB /* Question2.app */,
			);
			name = Products;
			sourceTree = "<group>";
		};
		480DB9E92A5BF51B00E10BFB /* Question2 */ = {
			isa = PBXGroup;
			children = (
				480DB9EA2A5BF51B00E10BFB /* AppDelegate.h */,
				480DB9EB2A5BF51B00E10BFB /* AppDelegate.m */,
				480DB9ED2A5BF51B00E10BFB /* SceneDelegate.h */,
				480DB9EE2A5BF51B00E10BFB /* SceneDelegate.m */,
				480DB9F02A5BF51B00E10BFB /* ViewController.h */,
				480DB9F12A5BF51B00E10BFB /* ViewController.m */,
				480DB9F32A5BF51B00E10BFB /* Main.storyboard */,
				480DB9F62A5BF52000E10BFB /* Assets.xcassets */,
				480DB9F82A5BF52000E10BFB /* LaunchScreen.storyboard */,
				480DB9FB2A5BF52000E10BFB /* Info.plist */,
				480DB9FC2A5BF52000E10BFB /* main.m */,
			);
			path = Question2;
			sourceTree = "<group>";
		};
/* End PBXGroup section */

/* Begin PBXNativeTarget section */
		480DB9E62A5BF51B00E10BFB /* Question2 */ = {
			isa = PBXNativeTarget;
			buildConfigurationList = 480DBA002A5BF52000E10BFB /* Build configuration list for PBXNativeTarget "Question2" */;
			buildPhases = (
				480DB9E32A5BF51B00E10BFB /* Sources */,
				480DB9E42A5BF51B00E10BFB /* Frameworks */,
				480DB9E52A5BF51B00E10BFB /* Resources */,
			);
			buildRules = (
			);
			dependencies = (
			);
			name = Question2;
			productName = Question2;
			productReference = 480DB9E72A5BF51B00E10BFB /* Question2.app */;
			productType = "com.apple.product-type.application";
		};
/* End PBXNativeTarget section */

/* Begin PBXProject section */
		480DB9DF2A5BF51B00E10BFB /* Project object */ = {
			isa = PBXProject;
			attributes = {
				BuildIndependentTargetsInParallel = 1;
				LastUpgradeCheck = 1420;
				TargetAttributes = {
					480DB9E62A5BF51B00E10BFB = {
						CreatedOnToolsVersion = 14.2;
					};
				};
			};
			buildConfigurationList = 480DB9E22A5BF51B00E10BFB /* Build configuration list for PBXProject "Question2" */;
			compatibilityVersion = "Xcode 14.0";
			developmentRegion = en;
			hasScannedForEncodings = 0;
			knownRegions = (
				en,
				Base,
			);
			mainGroup = 480DB9DE2A5BF51B00E10BFB;
			productRefGroup = 480DB9E82A5BF51B00E10BFB /* Products */;
			projectDirPath = "";
			projectRoot = "";
			targets = (
				480DB9E62A5BF51B00E10BFB /* Question2 */,
			);
		};
/* End PBXProject section */

/* Begin PBXResourcesBuildPhase section */
		480DB9E52A5BF51B00E10BFB /* Resources */ = {
			isa = PBXResourcesBuildPhase;
			buildActionMask = 2147483647;
			files = (
				480DB9FA2A5BF52000E10BFB /* LaunchScreen.storyboard in Resources */,
				480DB9F72A5BF52000E10BFB /* Assets.xcassets in Resources */,
				480DB9F52A5BF51B00E10BFB /* Main.storyboard in Resources */,
			);
			runOnlyForDeploymentPostprocessing = 0;
		};
/* End PBXResourcesBuildPhase section */

/* Begin PBXSourcesBuildPhase section */
		480DB9E32A5BF51B00E10BFB /* Sources */ = {
			isa = PBXSourcesBuildPhase;
			buildActionMask = 2147483647;
			files = (
				480DB9F22A5BF51B00E10BFB /* ViewController.m in Sources */,
				480DB9EC2A5BF51B00E10BFB /* AppDelegate.m in Sources */,
				480DB9FD2A5BF52000E10BFB /* main.m in Sources */,
				480DB9EF2A5BF51B00E10BFB /* SceneDelegate.m in Sources */,
			);
			runOnlyForDeploymentPostprocessing = 0;
		};
/* End PBXSourcesBuildPhase section */

/* Begin PBXVariantGroup section */
		480DB9F32A5BF51B00E10BFB /* Main.storyboard */ = {
			isa = PBXVariantGroup;
			children = (
				480DB9F42A5BF51B00E10BFB /* Base */,
			);
			name = Main.storyboard;
			sourceTree = "<group>";
		};
		480DB9F82A5BF52000E10BFB /* LaunchScreen.storyboard */ = {
			isa = PBXVariantGroup;
			children = (
				480DB9F92A5BF52000E10BFB /* Base */,
			);
			name = LaunchScreen.storyboard;
			sourceTree = "<group>";
		};
/* End PBXVariantGroup section */

/* Begin XCBuildConfiguration section */
		480DB9FE2A5BF52000E10BFB /* Debug */ = {
			isa = XCBuildConfiguration;
			buildSettings = {
				ALWAYS_SEARCH_USER_PATHS = NO;
				CLANG_ANALYZER_NONNULL = YES;
				CLANG_ANALYZER_NUMBER_OBJECT_CONVERSION = YES_AGGRESSIVE;
				CLANG_CXX_LANGUAGE_STANDARD = "gnu++20";
				CLANG_ENABLE_MODULES = YES;
				CLANG_ENABLE_OBJC_ARC = YES;
				CLANG_ENABLE_OBJC_WEAK = YES;
				CLANG_WARN_BLOCK_CAPTURE_AUTORELEASING = YES;
				CLANG_WARN_BOOL_CONVERSION = YES;
				CLANG_WARN_COMMA = YES;
				CLANG_WARN_CONSTANT_CONVERSION = YES;
				CLANG_WARN_DEPRECATED_OBJC_IMPLEMENTATIONS = YES;
				CLANG_WARN_DIRECT_OBJC_ISA_USAGE = YES_ERROR;
				CLANG_WARN_DOCUMENTATION_COMMENTS = YES;
				CLANG_WARN_EMPTY_BODY = YES;
				CLANG_WARN_ENUM_CONVERSION = YES;
				CLANG_WARN_INFINITE_RECURSION = YES;
				CLANG_WARN_INT_CONVERSION = YES;
				CLANG_WARN_NON_LITERAL_NULL_CONVERSION = YES;
				CLANG_WARN_OBJC_IMPLICIT_RETAIN_SELF = YES;
				CLANG_WARN_OBJC_LITERAL_CONVERSION = YES;
				CLANG_WARN_OBJC_ROOT_CLASS = YES_ERROR;
				CLANG_WARN_QUOTED_INCLUDE_IN_FRAMEWORK_HEADER = YES;
				CLANG_WARN_RANGE_LOOP_ANALYSIS = YES;
				CLANG_WARN_STRICT_PROTOTYPES = YES;
				CLANG_WARN_SUSPICIOUS_MOVE = YES;
				CLANG_WARN_UNGUARDED_AVAILABILITY = YES_AGGRESSIVE;
				CLANG_WARN_UNREACHABLE_CODE = YES;
				CLANG_WARN__DUPLICATE_METHOD_MATCH = YES;
				COPY_PHASE_STRIP = NO;
				DEBUG_INFORMATION_FORMAT = dwarf;
				ENABLE_STRICT_OBJC_MSGSEND = YES;
				ENABLE_TESTABILITY = YES;
				GCC_C_LANGUAGE_STANDARD = gnu11;
				GCC_DYNAMIC_NO_PIC = NO;
				GCC_NO_COMMON_BLOCKS = YES;
				GCC_OPTIMIZATION_LEVEL = 0;
				GCC_PREPROCESSOR_DEFINITIONS = (
					"DEBUG=1",
					"$(inherited)",
				);
				GCC_WARN_64_TO_32_BIT_CONVERSION = YES;
				GCC_WARN_ABOUT_RETURN_TYPE = YES_ERROR;
				GCC_WARN_UNDECLARED_SELECTOR = YES;
				GCC_WARN_UNINITIALIZED_AUTOS = YES_AGGRESSIVE;
				GCC_WARN_UNUSED_FUNCTION = YES;
				GCC_WARN_UNUSED_VARIABLE = YES;
				IPHONEOS_DEPLOYMENT_TARGET = 16.2;
				MTL_ENABLE_DEBUG_INFO = INCLUDE_SOURCE;
				MTL_FAST_MATH = YES;
				ONLY_ACTIVE_ARCH = YES;
				SDKROOT = iphoneos;
			};
			name = Debug;
		};
		480DB9FF2A5BF52000E10BFB /* Release */ = {
			isa = XCBuildConfiguration;
			buildSettings = {
				ALWAYS_SEARCH_USER_PATHS = NO;
				CLANG_ANALYZER_NONNULL = YES;
				CLANG_ANALYZER_NUMBER_OBJECT_CONVERSION = YES_AGGRESSIVE;
				CLANG_CXX_LANGUAGE_STANDARD = "gnu++20";
				CLANG_ENABLE_MODULES = YES;
				CLANG_ENABLE_OBJC_ARC = YES;
				CLANG_ENABLE_OBJC_WEAK = YES;
				CLANG_WARN_BLOCK_CAPTURE_AUTORELEASING = YES;
				CLANG_WARN_BOOL_CONVERSION = YES;
				CLANG_WARN_COMMA = YES;
				CLANG_WARN_CONSTANT_CONVERSION = YES;
				CLANG_WARN_DEPRECATED_OBJC_IMPLEMENTATIONS = YES;
				CLANG_WARN_DIRECT_OBJC_ISA_USAGE = YES_ERROR;
				CLANG_WARN_DOCUMENTATION_COMMENTS = YES;
				CLANG_WARN_EMPTY_BODY = YES;
				CLANG_WARN_ENUM_CONVERSION = YES;
				CLANG_WARN_INFINITE_RECURSION = YES;
				CLANG_WARN_INT_CONVERSION = YES;
				CLANG_WARN_NON_LITERAL_NULL_CONVERSION = YES;
				CLANG_WARN_OBJC_IMPLICIT_RETAIN_SELF = YES;
				CLANG_WARN_OBJC_LITERAL_CONVERSION = YES;
				CLANG_WARN_OBJC_ROOT_CLASS = YES_ERROR;
				CLANG_WARN_QUOTED_INCLUDE_IN_FRAMEWORK_HEADER = YES;
				CLANG_WARN_RANGE_LOOP_ANALYSIS = YES;
				CLANG_WARN_STRICT_PROTOTYPES = YES;
				CLANG_WARN_SUSPICIOUS_MOVE = YES;
				CLANG_WARN_UNGUARDED_AVAILABILITY = YES_AGGRESSIVE;
				CLANG_WARN_UNREACHABLE_CODE = YES;
				CLANG_WARN__DUPLICATE_METHOD_MATCH = YES;
				COPY_PHASE_STRIP = NO;
				DEBUG_INFORMATION_FORMAT = "dwarf-with-dsym";
				ENABLE_NS_ASSERTIONS = NO;
				ENABLE_STRICT_OBJC_MSGSEND = YES;
				GCC_C_LANGUAGE_STANDARD = gnu11;
				GCC_NO_COMMON_BLOCKS = YES;
				GCC_WARN_64_TO_32_BIT_CONVERSION = YES;
				GCC_WARN_ABOUT_RETURN_TYPE = YES_ERROR;
				GCC_WARN_UNDECLARED_SELECTOR = YES;
				GCC_WARN_UNINITIALIZED_AUTOS = YES_AGGRESSIVE;
				GCC_WARN_UNUSED_FUNCTION = YES;
				GCC_WARN_UNUSED_VARIABLE = YES;
				IPHONEOS_DEPLOYMENT_TARGET = 16.2;
				MTL_ENABLE_DEBUG_INFO = NO;
				MTL_FAST_MATH = YES;
				SDKROOT = iphoneos;
				VALIDATE_PRODUCT = YES;
			};
			name = Release;
		};
		480DBA012A5BF52000E10BFB /* Debug */ = {
			isa = XCBuildConfiguration;
			buildSettings = {
				ASSETCATALOG_COMPILER_APPICON_NAME = AppIcon;
				ASSETCATALOG_COMPILER_GLOBAL_ACCENT_COLOR_NAME = AccentColor;
				CODE_SIGN_STYLE = Automatic;
				CURRENT_PROJECT_VERSION = 1;
				DEVELOPMENT_TEAM = KVX8FV3VE3;
				GENERATE_INFOPLIST_FILE = YES;
				INFOPLIST_FILE = Question2/Info.plist;
				INFOPLIST_KEY_UIApplicationSupportsIndirectInputEvents = YES;
				INFOPLIST_KEY_UILaunchStoryboardName = LaunchScreen;
				INFOPLIST_KEY_UIMainStoryboardFile = Main;
				INFOPLIST_KEY_UISupportedInterfaceOrientations_iPad = "UIInterfaceOrientationPortrait UIInterfaceOrientationPortraitUpsideDown UIInterfaceOrientationLandscapeLeft UIInterfaceOrientationLandscapeRight";
				INFOPLIST_KEY_UISupportedInterfaceOrientations_iPhone = "UIInterfaceOrientationPortrait UIInterfaceOrientationLandscapeLeft UIInterfaceOrientationLandscapeRight";
				LD_RUNPATH_SEARCH_PATHS = (
					"$(inherited)",
					"@executable_path/Frameworks",
				);
				MARKETING_VERSION = 1.0;
				PRODUCT_BUNDLE_IDENTIFIER = weijie.zhou.com.cn.Question2;
				PRODUCT_NAME = "$(TARGET_NAME)";
				SWIFT_EMIT_LOC_STRINGS = YES;
				TARGETED_DEVICE_FAMILY = "1,2";
			};
			name = Debug;
		};
		480DBA022A5BF52000E10BFB /* Release */ = {
			isa = XCBuildConfiguration;
			buildSettings = {
				ASSETCATALOG_COMPILER_APPICON_NAME = AppIcon;
				ASSETCATALOG_COMPILER_GLOBAL_ACCENT_COLOR_NAME = AccentColor;
				CODE_SIGN_STYLE = Automatic;
				CURRENT_PROJECT_VERSION = 1;
				DEVELOPMENT_TEAM = KVX8FV3VE3;
				GENERATE_INFOPLIST_FILE = YES;
				INFOPLIST_FILE = Question2/Info.plist;
				INFOPLIST_KEY_UIApplicationSupportsIndirectInputEvents = YES;
				INFOPLIST_KEY_UILaunchStoryboardName = LaunchScreen;
				INFOPLIST_KEY_UIMainStoryboardFile = Main;
				INFOPLIST_KEY_UISupportedInterfaceOrientations_iPad = "UIInterfaceOrientationPortrait UIInterfaceOrientationPortraitUpsideDown UIInterfaceOrientationLandscapeLeft UIInterfaceOrientationLandscapeRight";
				INFOPLIST_KEY_UISupportedInterfaceOrientations_iPhone = "UIInterfaceOrientationPortrait UIInterfaceOrientationLandscapeLeft UIInterfaceOrientationLandscapeRight";
				LD_RUNPATH_SEARCH_PATHS = (
					"$(inherited)",
					"@executable_path/Frameworks",
				);
				MARKETING_VERSION = 1.0;
				PRODUCT_BUNDLE_IDENTIFIER = weijie.zhou.com.cn.Question2;
				PRODUCT_NAME = "$(TARGET_NAME)";
				SWIFT_EMIT_LOC_STRINGS = YES;
				TARGETED_DEVICE_FAMILY = "1,2";
			};
			name = Release;
		};
/* End XCBuildConfiguration section */

/* Begin XCConfigurationList section */
		480DB9E22A5BF51B00E10BFB /* Build configuration list for PBXProject "Question2" */ = {
			isa = XCConfigurationList;
			buildConfigurations = (
				480DB9FE2A5BF52000E10BFB /* Debug */,
				480DB9FF2A5BF52000E10BFB /* Release */,
			);
			defaultConfigurationIsVisible = 0;
			defaultConfigurationName = Release;
		};
		480DBA002A5BF52000E10BFB /* Build configuration list for PBXNativeTarget "Question2" */ = {
			isa = XCConfigurationList;
			buildConfigurations = (
				480DBA012A5BF52000E10BFB /* Debug */,
				480DBA022A5BF52000E10BFB /* Release */,
			);
			defaultConfigurationIsVisible = 0;
			defaultConfigurationName = Release;
		};
/* End XCConfigurationList section */
	};
	rootObject = 480DB9DF2A5BF51B00E10BFB /* Project object */;
}
